// !$*UTF8*$!
{
	archiveVersion = 1;
	classes = {
	};
	objectVersion = 48;
	objects = {

/* Begin PBXBuildFile section */
		711A1D7F1FD254D10032EA9D /* AppDelegate.swift in Sources */ = {isa = PBXBuildFile; fileRef = 711A1D7E1FD254D10032EA9D /* AppDelegate.swift */; };
		711A1D841FD254D10032EA9D /* Main.storyboard in Resources */ = {isa = PBXBuildFile; fileRef = 711A1D821FD254D10032EA9D /* Main.storyboard */; };
		711A1D861FD254D10032EA9D /* Assets.xcassets in Resources */ = {isa = PBXBuildFile; fileRef = 711A1D851FD254D10032EA9D /* Assets.xcassets */; };
		711A1D891FD254D10032EA9D /* LaunchScreen.storyboard in Resources */ = {isa = PBXBuildFile; fileRef = 711A1D871FD254D10032EA9D /* LaunchScreen.storyboard */; };
		711A1D911FD25B7B0032EA9D /* LoginViewController.swift in Sources */ = {isa = PBXBuildFile; fileRef = 711A1D901FD25B7B0032EA9D /* LoginViewController.swift */; };
		711A1D931FD261B90032EA9D /* MapViewController.swift in Sources */ = {isa = PBXBuildFile; fileRef = 711A1D921FD261B90032EA9D /* MapViewController.swift */; };
		714999621FD2F53E00F75516 /* RegistrationViewController.swift in Sources */ = {isa = PBXBuildFile; fileRef = 714999611FD2F53E00F75516 /* RegistrationViewController.swift */; };
		71E902631FD3014000EC1775 /* TabBarController.swift in Sources */ = {isa = PBXBuildFile; fileRef = 71E902621FD3014000EC1775 /* TabBarController.swift */; };
		71E902651FD3171100EC1775 /* ProfileViewController.swift in Sources */ = {isa = PBXBuildFile; fileRef = 71E902641FD3171100EC1775 /* ProfileViewController.swift */; };
		71FDB32B1FD2873C00C89E36 /* LocationTableViewController.swift in Sources */ = {isa = PBXBuildFile; fileRef = 71FDB32A1FD2873C00C89E36 /* LocationTableViewController.swift */; };
		71FDB32D1FD2BE3C00C89E36 /* AppDelegate+Actions.swift in Sources */ = {isa = PBXBuildFile; fileRef = 71FDB32C1FD2BE3C00C89E36 /* AppDelegate+Actions.swift */; };
		CC3F30EC10F15628B137A11E /* Pods_Flanelinha.framework in Frameworks */ = {isa = PBXBuildFile; fileRef = D3EC84363A77FA1E37973392 /* Pods_Flanelinha.framework */; };
/* End PBXBuildFile section */

/* Begin PBXFileReference section */
		0AA0D5DABFF8489F7D14A68D /* Pods-Flanelinha.release.xcconfig */ = {isa = PBXFileReference; includeInIndex = 1; lastKnownFileType = text.xcconfig; name = "Pods-Flanelinha.release.xcconfig"; path = "Pods/Target Support Files/Pods-Flanelinha/Pods-Flanelinha.release.xcconfig"; sourceTree = "<group>"; };
		711A1D7B1FD254D10032EA9D /* Flanelinha.app */ = {isa = PBXFileReference; explicitFileType = wrapper.application; includeInIndex = 0; path = Flanelinha.app; sourceTree = BUILT_PRODUCTS_DIR; };
		711A1D7E1FD254D10032EA9D /* AppDelegate.swift */ = {isa = PBXFileReference; lastKnownFileType = sourcecode.swift; path = AppDelegate.swift; sourceTree = "<group>"; };
		711A1D831FD254D10032EA9D /* Base */ = {isa = PBXFileReference; lastKnownFileType = file.storyboard; name = Base; path = Base.lproj/Main.storyboard; sourceTree = "<group>"; };
		711A1D851FD254D10032EA9D /* Assets.xcassets */ = {isa = PBXFileReference; lastKnownFileType = folder.assetcatalog; path = Assets.xcassets; sourceTree = "<group>"; };
		711A1D881FD254D10032EA9D /* Base */ = {isa = PBXFileReference; lastKnownFileType = file.storyboard; name = Base; path = Base.lproj/LaunchScreen.storyboard; sourceTree = "<group>"; };
		711A1D8A1FD254D10032EA9D /* Info.plist */ = {isa = PBXFileReference; lastKnownFileType = text.plist.xml; path = Info.plist; sourceTree = "<group>"; };
		711A1D901FD25B7B0032EA9D /* LoginViewController.swift */ = {isa = PBXFileReference; lastKnownFileType = sourcecode.swift; path = LoginViewController.swift; sourceTree = "<group>"; };
		711A1D921FD261B90032EA9D /* MapViewController.swift */ = {isa = PBXFileReference; lastKnownFileType = sourcecode.swift; path = MapViewController.swift; sourceTree = "<group>"; };
		714999611FD2F53E00F75516 /* RegistrationViewController.swift */ = {isa = PBXFileReference; lastKnownFileType = sourcecode.swift; path = RegistrationViewController.swift; sourceTree = "<group>"; };
		71E902621FD3014000EC1775 /* TabBarController.swift */ = {isa = PBXFileReference; lastKnownFileType = sourcecode.swift; path = TabBarController.swift; sourceTree = "<group>"; };
		71E902641FD3171100EC1775 /* ProfileViewController.swift */ = {isa = PBXFileReference; lastKnownFileType = sourcecode.swift; path = ProfileViewController.swift; sourceTree = "<group>"; };
		71FDB32A1FD2873C00C89E36 /* LocationTableViewController.swift */ = {isa = PBXFileReference; lastKnownFileType = sourcecode.swift; path = LocationTableViewController.swift; sourceTree = "<group>"; };
		71FDB32C1FD2BE3C00C89E36 /* AppDelegate+Actions.swift */ = {isa = PBXFileReference; lastKnownFileType = sourcecode.swift; path = "AppDelegate+Actions.swift"; sourceTree = "<group>"; };
		D3EC84363A77FA1E37973392 /* Pods_Flanelinha.framework */ = {isa = PBXFileReference; explicitFileType = wrapper.framework; includeInIndex = 0; path = Pods_Flanelinha.framework; sourceTree = BUILT_PRODUCTS_DIR; };
		FCEC94257D1AE229A7CE9227 /* Pods-Flanelinha.debug.xcconfig */ = {isa = PBXFileReference; includeInIndex = 1; lastKnownFileType = text.xcconfig; name = "Pods-Flanelinha.debug.xcconfig"; path = "Pods/Target Support Files/Pods-Flanelinha/Pods-Flanelinha.debug.xcconfig"; sourceTree = "<group>"; };
/* End PBXFileReference section */

/* Begin PBXFrameworksBuildPhase section */
		711A1D781FD254D10032EA9D /* Frameworks */ = {
			isa = PBXFrameworksBuildPhase;
			buildActionMask = 2147483647;
			files = (
				CC3F30EC10F15628B137A11E /* Pods_Flanelinha.framework in Frameworks */,
			);
			runOnlyForDeploymentPostprocessing = 0;
		};
/* End PBXFrameworksBuildPhase section */

/* Begin PBXGroup section */
		6AB1123C2FAE8BE935C2E008 /* Pods */ = {
			isa = PBXGroup;
			children = (
				FCEC94257D1AE229A7CE9227 /* Pods-Flanelinha.debug.xcconfig */,
				0AA0D5DABFF8489F7D14A68D /* Pods-Flanelinha.release.xcconfig */,
			);
			name = Pods;
			sourceTree = "<group>";
		};
		711A1D721FD254D10032EA9D = {
			isa = PBXGroup;
			children = (
				711A1D7D1FD254D10032EA9D /* Flanelinha */,
				711A1D7C1FD254D10032EA9D /* Products */,
				6AB1123C2FAE8BE935C2E008 /* Pods */,
				972714B51C060FC75068A629 /* Frameworks */,
			);
			sourceTree = "<group>";
		};
		711A1D7C1FD254D10032EA9D /* Products */ = {
			isa = PBXGroup;
			children = (
				711A1D7B1FD254D10032EA9D /* Flanelinha.app */,
			);
			name = Products;
			sourceTree = "<group>";
		};
		711A1D7D1FD254D10032EA9D /* Flanelinha */ = {
			isa = PBXGroup;
			children = (
				711A1D901FD25B7B0032EA9D /* LoginViewController.swift */,
				714999611FD2F53E00F75516 /* RegistrationViewController.swift */,
				711A1D921FD261B90032EA9D /* MapViewController.swift */,
				71FDB32A1FD2873C00C89E36 /* LocationTableViewController.swift */,
				711A1D7E1FD254D10032EA9D /* AppDelegate.swift */,
				71FDB32C1FD2BE3C00C89E36 /* AppDelegate+Actions.swift */,
				71E902621FD3014000EC1775 /* TabBarController.swift */,
				71E902641FD3171100EC1775 /* ProfileViewController.swift */,
				711A1D821FD254D10032EA9D /* Main.storyboard */,
				711A1D851FD254D10032EA9D /* Assets.xcassets */,
				711A1D871FD254D10032EA9D /* LaunchScreen.storyboard */,
				711A1D8A1FD254D10032EA9D /* Info.plist */,
			);
			path = Flanelinha;
			sourceTree = "<group>";
		};
		972714B51C060FC75068A629 /* Frameworks */ = {
			isa = PBXGroup;
			children = (
				D3EC84363A77FA1E37973392 /* Pods_Flanelinha.framework */,
			);
			name = Frameworks;
			sourceTree = "<group>";
		};
/* End PBXGroup section */

/* Begin PBXNativeTarget section */
		711A1D7A1FD254D10032EA9D /* Flanelinha */ = {
			isa = PBXNativeTarget;
			buildConfigurationList = 711A1D8D1FD254D10032EA9D /* Build configuration list for PBXNativeTarget "Flanelinha" */;
			buildPhases = (
				7FDE4D85ECB92C4E612615C8 /* [CP] Check Pods Manifest.lock */,
				711A1D771FD254D10032EA9D /* Sources */,
				711A1D781FD254D10032EA9D /* Frameworks */,
				711A1D791FD254D10032EA9D /* Resources */,
				58011D56CD19008ECFD9C091 /* [CP] Embed Pods Frameworks */,
				BB21B7B49079E06BBF17E458 /* [CP] Copy Pods Resources */,
			);
			buildRules = (
			);
			dependencies = (
			);
			name = Flanelinha;
			productName = Flanelinha;
			productReference = 711A1D7B1FD254D10032EA9D /* Flanelinha.app */;
			productType = "com.apple.product-type.application";
		};
/* End PBXNativeTarget section */

/* Begin PBXProject section */
		711A1D731FD254D10032EA9D /* Project object */ = {
			isa = PBXProject;
			attributes = {
				LastSwiftUpdateCheck = 0910;
				LastUpgradeCheck = 0910;
				ORGANIZATIONNAME = Flanelinha;
				TargetAttributes = {
					711A1D7A1FD254D10032EA9D = {
						CreatedOnToolsVersion = 9.1;
						ProvisioningStyle = Automatic;
					};
				};
			};
			buildConfigurationList = 711A1D761FD254D10032EA9D /* Build configuration list for PBXProject "Flanelinha" */;
			compatibilityVersion = "Xcode 8.0";
			developmentRegion = en;
			hasScannedForEncodings = 0;
			knownRegions = (
				en,
				Base,
			);
			mainGroup = 711A1D721FD254D10032EA9D;
			productRefGroup = 711A1D7C1FD254D10032EA9D /* Products */;
			projectDirPath = "";
			projectRoot = "";
			targets = (
				711A1D7A1FD254D10032EA9D /* Flanelinha */,
			);
		};
/* End PBXProject section */

/* Begin PBXResourcesBuildPhase section */
		711A1D791FD254D10032EA9D /* Resources */ = {
			isa = PBXResourcesBuildPhase;
			buildActionMask = 2147483647;
			files = (
				711A1D891FD254D10032EA9D /* LaunchScreen.storyboard in Resources */,
				711A1D861FD254D10032EA9D /* Assets.xcassets in Resources */,
				711A1D841FD254D10032EA9D /* Main.storyboard in Resources */,
			);
			runOnlyForDeploymentPostprocessing = 0;
		};
/* End PBXResourcesBuildPhase section */

/* Begin PBXShellScriptBuildPhase section */
		58011D56CD19008ECFD9C091 /* [CP] Embed Pods Frameworks */ = {
			isa = PBXShellScriptBuildPhase;
			buildActionMask = 2147483647;
			files = (
			);
			inputPaths = (
				"${SRCROOT}/Pods/Target Support Files/Pods-Flanelinha/Pods-Flanelinha-frameworks.sh",
				"${BUILT_PRODUCTS_DIR}/Alamofire/Alamofire.framework",
			);
			name = "[CP] Embed Pods Frameworks";
			outputPaths = (
				"${TARGET_BUILD_DIR}/${FRAMEWORKS_FOLDER_PATH}/Alamofire.framework",
			);
			runOnlyForDeploymentPostprocessing = 0;
			shellPath = /bin/sh;
			shellScript = "\"${SRCROOT}/Pods/Target Support Files/Pods-Flanelinha/Pods-Flanelinha-frameworks.sh\"\n";
			showEnvVarsInLog = 0;
		};
		7FDE4D85ECB92C4E612615C8 /* [CP] Check Pods Manifest.lock */ = {
			isa = PBXShellScriptBuildPhase;
			buildActionMask = 2147483647;
			files = (
			);
			inputPaths = (
				"${PODS_PODFILE_DIR_PATH}/Podfile.lock",
				"${PODS_ROOT}/Manifest.lock",
			);
			name = "[CP] Check Pods Manifest.lock";
			outputPaths = (
				"$(DERIVED_FILE_DIR)/Pods-Flanelinha-checkManifestLockResult.txt",
			);
			runOnlyForDeploymentPostprocessing = 0;
			shellPath = /bin/sh;
			shellScript = "diff \"${PODS_PODFILE_DIR_PATH}/Podfile.lock\" \"${PODS_ROOT}/Manifest.lock\" > /dev/null\nif [ $? != 0 ] ; then\n    # print error to STDERR\n    echo \"error: The sandbox is not in sync with the Podfile.lock. Run 'pod install' or update your CocoaPods installation.\" >&2\n    exit 1\nfi\n# This output is used by Xcode 'outputs' to avoid re-running this script phase.\necho \"SUCCESS\" > \"${SCRIPT_OUTPUT_FILE_0}\"\n";
			showEnvVarsInLog = 0;
		};
		BB21B7B49079E06BBF17E458 /* [CP] Copy Pods Resources */ = {
			isa = PBXShellScriptBuildPhase;
			buildActionMask = 2147483647;
			files = (
			);
			inputPaths = (
			);
			name = "[CP] Copy Pods Resources";
			outputPaths = (
			);
			runOnlyForDeploymentPostprocessing = 0;
			shellPath = /bin/sh;
			shellScript = "\"${SRCROOT}/Pods/Target Support Files/Pods-Flanelinha/Pods-Flanelinha-resources.sh\"\n";
			showEnvVarsInLog = 0;
		};
/* End PBXShellScriptBuildPhase section */

/* Begin PBXSourcesBuildPhase section */
		711A1D771FD254D10032EA9D /* Sources */ = {
			isa = PBXSourcesBuildPhase;
			buildActionMask = 2147483647;
			files = (
				714999621FD2F53E00F75516 /* RegistrationViewController.swift in Sources */,
				71FDB32B1FD2873C00C89E36 /* LocationTableViewController.swift in Sources */,
				711A1D911FD25B7B0032EA9D /* LoginViewController.swift in Sources */,
				71FDB32D1FD2BE3C00C89E36 /* AppDelegate+Actions.swift in Sources */,
				71E902631FD3014000EC1775 /* TabBarController.swift in Sources */,
				711A1D931FD261B90032EA9D /* MapViewController.swift in Sources */,
				71E902651FD3171100EC1775 /* ProfileViewController.swift in Sources */,
				711A1D7F1FD254D10032EA9D /* AppDelegate.swift in Sources */,
			);
			runOnlyForDeploymentPostprocessing = 0;
		};
/* End PBXSourcesBuildPhase section */

/* Begin PBXVariantGroup section */
		711A1D821FD254D10032EA9D /* Main.storyboard */ = {
			isa = PBXVariantGroup;
			children = (
				711A1D831FD254D10032EA9D /* Base */,
			);
			name = Main.storyboard;
			sourceTree = "<group>";
		};
		711A1D871FD254D10032EA9D /* LaunchScreen.storyboard */ = {
			isa = PBXVariantGroup;
			children = (
				711A1D881FD254D10032EA9D /* Base */,
			);
			name = LaunchScreen.storyboard;
			sourceTree = "<group>";
		};
/* End PBXVariantGroup section */

/* Begin XCBuildConfiguration section */
		711A1D8B1FD254D10032EA9D /* Debug */ = {
			isa = XCBuildConfiguration;
			buildSettings = {
				ALWAYS_SEARCH_USER_PATHS = NO;
				CLANG_ANALYZER_NONNULL = YES;
				CLANG_ANALYZER_NUMBER_OBJECT_CONVERSION = YES_AGGRESSIVE;
				CLANG_CXX_LANGUAGE_STANDARD = "gnu++14";
				CLANG_CXX_LIBRARY = "libc++";
				CLANG_ENABLE_MODULES = YES;
				CLANG_ENABLE_OBJC_ARC = YES;
				CLANG_WARN_BLOCK_CAPTURE_AUTORELEASING = YES;
				CLANG_WARN_BOOL_CONVERSION = YES;
				CLANG_WARN_COMMA = YES;
				CLANG_WARN_CONSTANT_CONVERSION = YES;
				CLANG_WARN_DIRECT_OBJC_ISA_USAGE = YES_ERROR;
				CLANG_WARN_DOCUMENTATION_COMMENTS = YES;
				CLANG_WARN_EMPTY_BODY = YES;
				CLANG_WARN_ENUM_CONVERSION = YES;
				CLANG_WARN_INFINITE_RECURSION = YES;
				CLANG_WARN_INT_CONVERSION = YES;
				CLANG_WARN_NON_LITERAL_NULL_CONVERSION = YES;
				CLANG_WARN_OBJC_LITERAL_CONVERSION = YES;
				CLANG_WARN_OBJC_ROOT_CLASS = YES_ERROR;
				CLANG_WARN_RANGE_LOOP_ANALYSIS = YES;
				CLANG_WARN_STRICT_PROTOTYPES = YES;
				CLANG_WARN_SUSPICIOUS_MOVE = YES;
				CLANG_WARN_UNGUARDED_AVAILABILITY = YES_AGGRESSIVE;
				CLANG_WARN_UNREACHABLE_CODE = YES;
				CLANG_WARN__DUPLICATE_METHOD_MATCH = YES;
				CODE_SIGN_IDENTITY = "iPhone Developer";
				COPY_PHASE_STRIP = NO;
				DEBUG_INFORMATION_FORMAT = dwarf;
				ENABLE_STRICT_OBJC_MSGSEND = YES;
				ENABLE_TESTABILITY = YES;
				GCC_C_LANGUAGE_STANDARD = gnu11;
				GCC_DYNAMIC_NO_PIC = NO;
				GCC_NO_COMMON_BLOCKS = YES;
				GCC_OPTIMIZATION_LEVEL = 0;
				GCC_PREPROCESSOR_DEFINITIONS = (
					"DEBUG=1",
					"$(inherited)",
				);
				GCC_WARN_64_TO_32_BIT_CONVERSION = YES;
				GCC_WARN_ABOUT_RETURN_TYPE = YES_ERROR;
				GCC_WARN_UNDECLARED_SELECTOR = YES;
				GCC_WARN_UNINITIALIZED_AUTOS = YES_AGGRESSIVE;
				GCC_WARN_UNUSED_FUNCTION = YES;
				GCC_WARN_UNUSED_VARIABLE = YES;
				IPHONEOS_DEPLOYMENT_TARGET = 11.1;
				MTL_ENABLE_DEBUG_INFO = YES;
				ONLY_ACTIVE_ARCH = YES;
				SDKROOT = iphoneos;
				SWIFT_ACTIVE_COMPILATION_CONDITIONS = DEBUG;
				SWIFT_OPTIMIZATION_LEVEL = "-Onone";
			};
			name = Debug;
		};
		711A1D8C1FD254D10032EA9D /* Release */ = {
			isa = XCBuildConfiguration;
			buildSettings = {
				ALWAYS_SEARCH_USER_PATHS = NO;
				CLANG_ANALYZER_NONNULL = YES;
				CLANG_ANALYZER_NUMBER_OBJECT_CONVERSION = YES_AGGRESSIVE;
				CLANG_CXX_LANGUAGE_STANDARD = "gnu++14";
				CLANG_CXX_LIBRARY = "libc++";
				CLANG_ENABLE_MODULES = YES;
				CLANG_ENABLE_OBJC_ARC = YES;
				CLANG_WARN_BLOCK_CAPTURE_AUTORELEASING = YES;
				CLANG_WARN_BOOL_CONVERSION = YES;
				CLANG_WARN_COMMA = YES;
				CLANG_WARN_CONSTANT_CONVERSION = YES;
				CLANG_WARN_DIRECT_OBJC_ISA_USAGE = YES_ERROR;
				CLANG_WARN_DOCUMENTATION_COMMENTS = YES;
				CLANG_WARN_EMPTY_BODY = YES;
				CLANG_WARN_ENUM_CONVERSION = YES;
				CLANG_WARN_INFINITE_RECURSION = YES;
				CLANG_WARN_INT_CONVERSION = YES;
				CLANG_WARN_NON_LITERAL_NULL_CONVERSION = YES;
				CLANG_WARN_OBJC_LITERAL_CONVERSION = YES;
				CLANG_WARN_OBJC_ROOT_CLASS = YES_ERROR;
				CLANG_WARN_RANGE_LOOP_ANALYSIS = YES;
				CLANG_WARN_STRICT_PROTOTYPES = YES;
				CLANG_WARN_SUSPICIOUS_MOVE = YES;
				CLANG_WARN_UNGUARDED_AVAILABILITY = YES_AGGRESSIVE;
				CLANG_WARN_UNREACHABLE_CODE = YES;
				CLANG_WARN__DUPLICATE_METHOD_MATCH = YES;
				CODE_SIGN_IDENTITY = "iPhone Developer";
				COPY_PHASE_STRIP = NO;
				DEBUG_INFORMATION_FORMAT = "dwarf-with-dsym";
				ENABLE_NS_ASSERTIONS = NO;
				ENABLE_STRICT_OBJC_MSGSEND = YES;
				GCC_C_LANGUAGE_STANDARD = gnu11;
				GCC_NO_COMMON_BLOCKS = YES;
				GCC_WARN_64_TO_32_BIT_CONVERSION = YES;
				GCC_WARN_ABOUT_RETURN_TYPE = YES_ERROR;
				GCC_WARN_UNDECLARED_SELECTOR = YES;
				GCC_WARN_UNINITIALIZED_AUTOS = YES_AGGRESSIVE;
				GCC_WARN_UNUSED_FUNCTION = YES;
				GCC_WARN_UNUSED_VARIABLE = YES;
				IPHONEOS_DEPLOYMENT_TARGET = 11.1;
				MTL_ENABLE_DEBUG_INFO = NO;
				SDKROOT = iphoneos;
				SWIFT_OPTIMIZATION_LEVEL = "-Owholemodule";
				VALIDATE_PRODUCT = YES;
			};
			name = Release;
		};
		711A1D8E1FD254D10032EA9D /* Debug */ = {
			isa = XCBuildConfiguration;
			baseConfigurationReference = FCEC94257D1AE229A7CE9227 /* Pods-Flanelinha.debug.xcconfig */;
			buildSettings = {
				ASSETCATALOG_COMPILER_APPICON_NAME = AppIcon;
				CODE_SIGN_STYLE = Automatic;
				DEVELOPMENT_TEAM = 3398VKLH28;
				INFOPLIST_FILE = Flanelinha/Info.plist;
				IPHONEOS_DEPLOYMENT_TARGET = 11.0;
				LD_RUNPATH_SEARCH_PATHS = "$(inherited) @executable_path/Frameworks";
				PRODUCT_BUNDLE_IDENTIFIER = "br.openstack-hackathon.Flanelinha";
				PRODUCT_NAME = "$(TARGET_NAME)";
				SWIFT_VERSION = 4.0;
				TARGETED_DEVICE_FAMILY = 1;
			};
			name = Debug;
		};
		711A1D8F1FD254D10032EA9D /* Release */ = {
			isa = XCBuildConfiguration;
			baseConfigurationReference = 0AA0D5DABFF8489F7D14A68D /* Pods-Flanelinha.release.xcconfig */;
			buildSettings = {
				ASSETCATALOG_COMPILER_APPICON_NAME = AppIcon;
				CODE_SIGN_STYLE = Automatic;
				DEVELOPMENT_TEAM = 3398VKLH28;
				INFOPLIST_FILE = Flanelinha/Info.plist;
				IPHONEOS_DEPLOYMENT_TARGET = 11.0;
				LD_RUNPATH_SEARCH_PATHS = "$(inherited) @executable_path/Frameworks";
				PRODUCT_BUNDLE_IDENTIFIER = "br.openstack-hackathon.Flanelinha";
				PRODUCT_NAME = "$(TARGET_NAME)";
				SWIFT_VERSION = 4.0;
				TARGETED_DEVICE_FAMILY = 1;
			};
			name = Release;
		};
/* End XCBuildConfiguration section */

/* Begin XCConfigurationList section */
		711A1D761FD254D10032EA9D /* Build configuration list for PBXProject "Flanelinha" */ = {
			isa = XCConfigurationList;
			buildConfigurations = (
				711A1D8B1FD254D10032EA9D /* Debug */,
				711A1D8C1FD254D10032EA9D /* Release */,
			);
			defaultConfigurationIsVisible = 0;
			defaultConfigurationName = Release;
		};
		711A1D8D1FD254D10032EA9D /* Build configuration list for PBXNativeTarget "Flanelinha" */ = {
			isa = XCConfigurationList;
			buildConfigurations = (
				711A1D8E1FD254D10032EA9D /* Debug */,
				711A1D8F1FD254D10032EA9D /* Release */,
			);
			defaultConfigurationIsVisible = 0;
			defaultConfigurationName = Release;
		};
/* End XCConfigurationList section */
	};
	rootObject = 711A1D731FD254D10032EA9D /* Project object */;
}
